
Microsoft Visual Studio Solution File, Format Version 12.00
# Visual Studio Version 17
VisualStudioVersion = 17.8.34525.116
MinimumVisualStudioVersion = 10.0.40219.1
Project("{8BC9CEB8-8B4A-11D0-8D11-00A0C91BC942}") = "Maze", "Maze\Maze.vcxproj", "{CE39347C-1C74-4ACC-AD9C-7044E3AB2141}"
EndProject
Global
	GlobalSection(SolutionConfigurationPlatforms) = preSolution
		Debug|x64 = Debug|x64
		Debug|x86 = Debug|x86
		Release|x64 = Release|x64
		Release|x86 = Release|x86
	EndGlobalSection
	GlobalSection(ProjectConfigurationPlatforms) = postSolution
		{CE39347C-1C74-4ACC-AD9C-7044E3AB2141}.Debug|x64.ActiveCfg = Debug|x64
		{CE39347C-1C74-4ACC-AD9C-7044E3AB2141}.Debug|x64.Build.0 = Debug|x64
		{CE39347C-1C74-4ACC-AD9C-7044E3AB2141}.Debug|x86.ActiveCfg = Debug|Win32
		{CE39347C-1C74-4ACC-AD9C-7044E3AB2141}.Debug|x86.Build.0 = Debug|Win32
		{CE39347C-1C74-4ACC-AD9C-7044E3AB2141}.Release|x64.ActiveCfg = Release|x64
		{CE39347C-1C74-4ACC-AD9C-7044E3AB2141}.Release|x64.Build.0 = Release|x64
		{CE39347C-1C74-4ACC-AD9C-7044E3AB2141}.Release|x86.ActiveCfg = Release|Win32
		{CE39347C-1C74-4ACC-AD9C-7044E3AB2141}.Release|x86.Build.0 = Release|Win32
	EndGlobalSection
	GlobalSection(SolutionProperties) = preSolution
		HideSolutionNode = FALSE
	EndGlobalSection
	GlobalSection(ExtensibilityGlobals) = postSolution
		SolutionGuid = {BA5F608B-FD8D-4F97-8F6F-3DD6B98130A1}
	EndGlobalSection
EndGlobal
